
Microsoft Visual Studio Solution File, Format Version 12.00
# Visual Studio Version 17
VisualStudioVersion = 17.7.34009.444
MinimumVisualStudioVersion = 10.0.40219.1
Project("{FAE04EC0-301F-11D3-BF4B-00C04F79EFBC}") = "Entities", "Entities\Entities.csproj", "{8DBD8BD9-5FB6-48A8-8627-5ABB5EF78DA3}"
EndProject
Project("{FAE04EC0-301F-11D3-BF4B-00C04F79EFBC}") = "DataAccess", "DataAccess\DataAccess.csproj", "{42BCBB71-AC10-4D93-95EE-695C88D104B9}"
EndProject
Project("{FAE04EC0-301F-11D3-BF4B-00C04F79EFBC}") = "Business", "Business\Business.csproj", "{D5BA09F9-D455-44EA-9C7C-03CC09E7957C}"
EndProject
Project("{FAE04EC0-301F-11D3-BF4B-00C04F79EFBC}") = "ConsoleUI", "ConsoleUI\ConsoleUI.csproj", "{FF4CFE61-0336-42C1-9E72-DB9F2AB5F5CE}"
EndProject
Global
	GlobalSection(SolutionConfigurationPlatforms) = preSolution
		Debug|Any CPU = Debug|Any CPU
		Release|Any CPU = Release|Any CPU
	EndGlobalSection
	GlobalSection(ProjectConfigurationPlatforms) = postSolution
		{8DBD8BD9-5FB6-48A8-8627-5ABB5EF78DA3}.Debug|Any CPU.ActiveCfg = Debug|Any CPU
		{8DBD8BD9-5FB6-48A8-8627-5ABB5EF78DA3}.Debug|Any CPU.Build.0 = Debug|Any CPU
		{8DBD8BD9-5FB6-48A8-8627-5ABB5EF78DA3}.Release|Any CPU.ActiveCfg = Release|Any CPU
		{8DBD8BD9-5FB6-48A8-8627-5ABB5EF78DA3}.Release|Any CPU.Build.0 = Release|Any CPU
		{42BCBB71-AC10-4D93-95EE-695C88D104B9}.Debug|Any CPU.ActiveCfg = Debug|Any CPU
		{42BCBB71-AC10-4D93-95EE-695C88D104B9}.Debug|Any CPU.Build.0 = Debug|Any CPU
		{42BCBB71-AC10-4D93-95EE-695C88D104B9}.Release|Any CPU.ActiveCfg = Release|Any CPU
		{42BCBB71-AC10-4D93-95EE-695C88D104B9}.Release|Any CPU.Build.0 = Release|Any CPU
		{D5BA09F9-D455-44EA-9C7C-03CC09E7957C}.Debug|Any CPU.ActiveCfg = Debug|Any CPU
		{D5BA09F9-D455-44EA-9C7C-03CC09E7957C}.Debug|Any CPU.Build.0 = Debug|Any CPU
		{D5BA09F9-D455-44EA-9C7C-03CC09E7957C}.Release|Any CPU.ActiveCfg = Release|Any CPU
		{D5BA09F9-D455-44EA-9C7C-03CC09E7957C}.Release|Any CPU.Build.0 = Release|Any CPU
		{FF4CFE61-0336-42C1-9E72-DB9F2AB5F5CE}.Debug|Any CPU.ActiveCfg = Debug|Any CPU
		{FF4CFE61-0336-42C1-9E72-DB9F2AB5F5CE}.Debug|Any CPU.Build.0 = Debug|Any CPU
		{FF4CFE61-0336-42C1-9E72-DB9F2AB5F5CE}.Release|Any CPU.ActiveCfg = Release|Any CPU
		{FF4CFE61-0336-42C1-9E72-DB9F2AB5F5CE}.Release|Any CPU.Build.0 = Release|Any CPU
	EndGlobalSection
	GlobalSection(SolutionProperties) = preSolution
		HideSolutionNode = FALSE
	EndGlobalSection
	GlobalSection(ExtensibilityGlobals) = postSolution
		SolutionGuid = {F9FEF358-5702-42D6-AFB2-24CB6E0C5100}
	EndGlobalSection
EndGlobal
